
Microsoft Visual Studio Solution File, Format Version 12.00
# Visual Studio 15
VisualStudioVersion = 15.0.28307.168
MinimumVisualStudioVersion = 10.0.40219.1
Project("{8BC9CEB8-8B4A-11D0-8D11-00A0C91BC942}") = "CppExamples", "CppExamples\CppExamples.vcxproj", "{370504A1-640F-409F-8E70-C93809704965}"
EndProject
Project("{2150E333-8FDC-42A3-9474-1A3956D46DE8}") = "Notes", "Notes", "{00DB9630-E600-4200-B48D-2481F96606B2}"
	ProjectSection(SolutionItems) = preProject
		BestPractices.txt = BestPractices.txt
		Notes\Debugging.txt = Notes\Debugging.txt
		Notes\DirectXMath.txt = Notes\DirectXMath.txt
	EndProjectSection
EndProject
Project("{8BC9CEB8-8B4A-11D0-8D11-00A0C91BC942}") = "DirectXMath", "DirectXMath\ConsoleApp.vcxproj", "{BC641C3E-FCBB-4439-A510-10340B8643DF}"
EndProject
Global
	GlobalSection(SolutionConfigurationPlatforms) = preSolution
		Debug|x64 = Debug|x64
		Debug|x86 = Debug|x86
		Release|x64 = Release|x64
		Release|x86 = Release|x86
	EndGlobalSection
	GlobalSection(ProjectConfigurationPlatforms) = postSolution
		{370504A1-640F-409F-8E70-C93809704965}.Debug|x64.ActiveCfg = Debug|x64
		{370504A1-640F-409F-8E70-C93809704965}.Debug|x64.Build.0 = Debug|x64
		{370504A1-640F-409F-8E70-C93809704965}.Debug|x86.ActiveCfg = Debug|Win32
		{370504A1-640F-409F-8E70-C93809704965}.Debug|x86.Build.0 = Debug|Win32
		{370504A1-640F-409F-8E70-C93809704965}.Release|x64.ActiveCfg = Release|x64
		{370504A1-640F-409F-8E70-C93809704965}.Release|x64.Build.0 = Release|x64
		{370504A1-640F-409F-8E70-C93809704965}.Release|x86.ActiveCfg = Release|Win32
		{370504A1-640F-409F-8E70-C93809704965}.Release|x86.Build.0 = Release|Win32
		{BC641C3E-FCBB-4439-A510-10340B8643DF}.Debug|x64.ActiveCfg = Debug|x64
		{BC641C3E-FCBB-4439-A510-10340B8643DF}.Debug|x64.Build.0 = Debug|x64
		{BC641C3E-FCBB-4439-A510-10340B8643DF}.Debug|x86.ActiveCfg = Debug|Win32
		{BC641C3E-FCBB-4439-A510-10340B8643DF}.Debug|x86.Build.0 = Debug|Win32
		{BC641C3E-FCBB-4439-A510-10340B8643DF}.Release|x64.ActiveCfg = Release|x64
		{BC641C3E-FCBB-4439-A510-10340B8643DF}.Release|x64.Build.0 = Release|x64
		{BC641C3E-FCBB-4439-A510-10340B8643DF}.Release|x86.ActiveCfg = Release|Win32
		{BC641C3E-FCBB-4439-A510-10340B8643DF}.Release|x86.Build.0 = Release|Win32
	EndGlobalSection
	GlobalSection(SolutionProperties) = preSolution
		HideSolutionNode = FALSE
	EndGlobalSection
	GlobalSection(ExtensibilityGlobals) = postSolution
		SolutionGuid = {54B05519-9F01-4B94-A471-E9463673713E}
	EndGlobalSection
EndGlobal
