
Microsoft Visual Studio Solution File, Format Version 12.00
# Visual Studio 15
VisualStudioVersion = 15.0.28307.168
MinimumVisualStudioVersion = 10.0.40219.1
Project("{8BC9CEB8-8B4A-11D0-8D11-00A0C91BC942}") = "CppExamples", "CppExamples\CppExamples.vcxproj", "{370504A1-640F-409F-8E70-C93809704965}"
EndProject
Project("{2150E333-8FDC-42A3-9474-1A3956D46DE8}") = "Notes", "Notes", "{00DB9630-E600-4200-B48D-2481F96606B2}"
	ProjectSection(SolutionItems) = preProject
		Notes\Debugging.txt = Notes\Debugging.txt
		Notes\DirectXMath.txt = Notes\DirectXMath.txt
	EndProjectSection
EndProject
Project("{8BC9CEB8-8B4A-11D0-8D11-00A0C91BC942}") = "CppRestSdk", "CppRestSdk\CppRestSdk.vcxproj", "{C4CFCBC8-3EC0-4A95-AD76-EA256983CCEA}"
EndProject
Project("{8BC9CEB8-8B4A-11D0-8D11-00A0C91BC942}") = "CppSqlite", "CppSqlite\CppSqlite.vcxproj", "{18FE760E-C1D5-4AD4-8E9A-3BDEA853D56D}"
EndProject
Project("{8BC9CEB8-8B4A-11D0-8D11-00A0C91BC942}") = "CppParallelismAndConcurrency", "CppParallelismAndConcurrency\CppParallelismAndConcurrency.vcxproj", "{49723067-1FEE-4A0F-9732-D93EA2FB83E1}"
EndProject
Project("{8BC9CEB8-8B4A-11D0-8D11-00A0C91BC942}") = "DirectXMath", "DirectXMath\ConsoleApp.vcxproj", "{BC641C3E-FCBB-4439-A510-10340B8643DF}"
EndProject
Global
	GlobalSection(SolutionConfigurationPlatforms) = preSolution
		Debug|x64 = Debug|x64
		Debug|x86 = Debug|x86
		Release|x64 = Release|x64
		Release|x86 = Release|x86
	EndGlobalSection
	GlobalSection(ProjectConfigurationPlatforms) = postSolution
		{370504A1-640F-409F-8E70-C93809704965}.Debug|x64.ActiveCfg = Debug|x64
		{370504A1-640F-409F-8E70-C93809704965}.Debug|x64.Build.0 = Debug|x64
		{370504A1-640F-409F-8E70-C93809704965}.Debug|x86.ActiveCfg = Debug|Win32
		{370504A1-640F-409F-8E70-C93809704965}.Debug|x86.Build.0 = Debug|Win32
		{370504A1-640F-409F-8E70-C93809704965}.Release|x64.ActiveCfg = Release|x64
		{370504A1-640F-409F-8E70-C93809704965}.Release|x64.Build.0 = Release|x64
		{370504A1-640F-409F-8E70-C93809704965}.Release|x86.ActiveCfg = Release|Win32
		{370504A1-640F-409F-8E70-C93809704965}.Release|x86.Build.0 = Release|Win32
		{C4CFCBC8-3EC0-4A95-AD76-EA256983CCEA}.Debug|x64.ActiveCfg = Debug|x64
		{C4CFCBC8-3EC0-4A95-AD76-EA256983CCEA}.Debug|x64.Build.0 = Debug|x64
		{C4CFCBC8-3EC0-4A95-AD76-EA256983CCEA}.Debug|x86.ActiveCfg = Debug|Win32
		{C4CFCBC8-3EC0-4A95-AD76-EA256983CCEA}.Debug|x86.Build.0 = Debug|Win32
		{C4CFCBC8-3EC0-4A95-AD76-EA256983CCEA}.Release|x64.ActiveCfg = Release|x64
		{C4CFCBC8-3EC0-4A95-AD76-EA256983CCEA}.Release|x64.Build.0 = Release|x64
		{C4CFCBC8-3EC0-4A95-AD76-EA256983CCEA}.Release|x86.ActiveCfg = Release|Win32
		{C4CFCBC8-3EC0-4A95-AD76-EA256983CCEA}.Release|x86.Build.0 = Release|Win32
		{18FE760E-C1D5-4AD4-8E9A-3BDEA853D56D}.Debug|x64.ActiveCfg = Debug|x64
		{18FE760E-C1D5-4AD4-8E9A-3BDEA853D56D}.Debug|x64.Build.0 = Debug|x64
		{18FE760E-C1D5-4AD4-8E9A-3BDEA853D56D}.Debug|x86.ActiveCfg = Debug|Win32
		{18FE760E-C1D5-4AD4-8E9A-3BDEA853D56D}.Debug|x86.Build.0 = Debug|Win32
		{18FE760E-C1D5-4AD4-8E9A-3BDEA853D56D}.Release|x64.ActiveCfg = Release|x64
		{18FE760E-C1D5-4AD4-8E9A-3BDEA853D56D}.Release|x64.Build.0 = Release|x64
		{18FE760E-C1D5-4AD4-8E9A-3BDEA853D56D}.Release|x86.ActiveCfg = Release|Win32
		{18FE760E-C1D5-4AD4-8E9A-3BDEA853D56D}.Release|x86.Build.0 = Release|Win32
		{49723067-1FEE-4A0F-9732-D93EA2FB83E1}.Debug|x64.ActiveCfg = Debug|x64
		{49723067-1FEE-4A0F-9732-D93EA2FB83E1}.Debug|x64.Build.0 = Debug|x64
		{49723067-1FEE-4A0F-9732-D93EA2FB83E1}.Debug|x86.ActiveCfg = Debug|Win32
		{49723067-1FEE-4A0F-9732-D93EA2FB83E1}.Debug|x86.Build.0 = Debug|Win32
		{49723067-1FEE-4A0F-9732-D93EA2FB83E1}.Release|x64.ActiveCfg = Release|x64
		{49723067-1FEE-4A0F-9732-D93EA2FB83E1}.Release|x64.Build.0 = Release|x64
		{49723067-1FEE-4A0F-9732-D93EA2FB83E1}.Release|x86.ActiveCfg = Release|Win32
		{49723067-1FEE-4A0F-9732-D93EA2FB83E1}.Release|x86.Build.0 = Release|Win32
		{BC641C3E-FCBB-4439-A510-10340B8643DF}.Debug|x64.ActiveCfg = Debug|x64
		{BC641C3E-FCBB-4439-A510-10340B8643DF}.Debug|x64.Build.0 = Debug|x64
		{BC641C3E-FCBB-4439-A510-10340B8643DF}.Debug|x86.ActiveCfg = Debug|Win32
		{BC641C3E-FCBB-4439-A510-10340B8643DF}.Debug|x86.Build.0 = Debug|Win32
		{BC641C3E-FCBB-4439-A510-10340B8643DF}.Release|x64.ActiveCfg = Release|x64
		{BC641C3E-FCBB-4439-A510-10340B8643DF}.Release|x64.Build.0 = Release|x64
		{BC641C3E-FCBB-4439-A510-10340B8643DF}.Release|x86.ActiveCfg = Release|Win32
		{BC641C3E-FCBB-4439-A510-10340B8643DF}.Release|x86.Build.0 = Release|Win32
	EndGlobalSection
	GlobalSection(SolutionProperties) = preSolution
		HideSolutionNode = FALSE
	EndGlobalSection
	GlobalSection(ExtensibilityGlobals) = postSolution
		SolutionGuid = {54B05519-9F01-4B94-A471-E9463673713E}
	EndGlobalSection
EndGlobal
