<?xml version="1.0" encoding="utf-8"?>
<Project ToolsVersion="4.0" xmlns="http://schemas.microsoft.com/developer/msbuild/2003">
  <ItemGroup>
    <ClInclude Include="Arrays.h" />
    <ClInclude Include="AutoDecltypeTypedef.h" />
    <ClInclude Include="Casting.h" />
    <ClInclude Include="Classes.h" />
    <ClInclude Include="Containers.h" />
    <ClInclude Include="Enums.h" />
    <ClInclude Include="Exceptions.h" />
    <ClInclude Include="FilesAndStreams.h" />
    <ClInclude Include="Input.h" />
    <ClInclude Include="Lambda.h" />
    <ClInclude Include="Initialization.h" />
    <ClInclude Include="Formatting.h" />
    <ClInclude Include="Rand.h" />
    <ClInclude Include="Conversion.h" />
    <ClInclude Include="Numbers.h" />
    <ClInclude Include="OperatorOverloading.h" />
    <ClInclude Include="PointersAndReferences.h" />
    <ClInclude Include="Recursion\RecursionTest.h">
      <Filter>Recursion</Filter>
    </ClInclude>
    <ClInclude Include="Recursion\ReverseEnumerator.h">
      <Filter>Recursion</Filter>
    </ClInclude>
    <ClInclude Include="Recursion\CalculatePower.h">
      <Filter>Recursion</Filter>
    </ClInclude>
    <ClInclude Include="Recursion\CalculateFactorial.h">
      <Filter>Recursion</Filter>
    </ClInclude>
    <ClInclude Include="Recursion\GreatestCommonDivisor.h">
      <Filter>Recursion</Filter>
    </ClInclude>
    <ClInclude Include="Recursion\TowerOfHanoi.h">
      <Filter>Recursion</Filter>
    </ClInclude>
  </ItemGroup>
  <ItemGroup>
    <ClCompile Include="Main.cpp" />
  </ItemGroup>
  <ItemGroup>
    <Filter Include="Recursion">
      <UniqueIdentifier>{dfe07a4f-73a2-4cfd-9f5b-832b459397c8}</UniqueIdentifier>
    </Filter>
  </ItemGroup>
</Project>