<?xml version="1.0" encoding="utf-8"?>
<Project ToolsVersion="4.0" xmlns="http://schemas.microsoft.com/developer/msbuild/2003">
  <ItemGroup>
    <ClInclude Include="Arrays.h" />
    <ClInclude Include="AutoDecltypeTypedef.h" />
    <ClInclude Include="Casting.h" />
    <ClInclude Include="Classes.h" />
    <ClInclude Include="Containers.h" />
    <ClInclude Include="Enums.h" />
    <ClInclude Include="Exceptions.h" />
    <ClInclude Include="FilesAndStreams.h" />
    <ClInclude Include="Input.h" />
    <ClInclude Include="Lambda.h" />
    <ClInclude Include="Initialization.h" />
    <ClInclude Include="Formatting.h" />
    <ClInclude Include="Rand.h" />
    <ClInclude Include="Conversion.h" />
    <ClInclude Include="Numbers.h" />
    <ClInclude Include="OperatorOverloading.h" />
    <ClInclude Include="PointersAndReferences.h" />
    <ClInclude Include="Strings.h" />
    <ClInclude Include="Templates.h" />
    <ClInclude Include="MoveSemantics.h" />
    <ClInclude Include="SmartPointers.h" />
    <ClInclude Include="RegularExpressions.h" />
    <ClInclude Include="Chrono.h" />
    <ClInclude Include="Examples\Histogram.h">
      <Filter>Examples</Filter>
    </ClInclude>
    <ClInclude Include="Examples\Recursion\CalculateFactorial.h">
      <Filter>Examples\Recursion</Filter>
    </ClInclude>
    <ClInclude Include="Examples\Recursion\CalculatePower.h">
      <Filter>Examples\Recursion</Filter>
    </ClInclude>
    <ClInclude Include="Examples\Recursion\GreatestCommonDivisor.h">
      <Filter>Examples\Recursion</Filter>
    </ClInclude>
    <ClInclude Include="Examples\Recursion\RecursionTest.h">
      <Filter>Examples\Recursion</Filter>
    </ClInclude>
    <ClInclude Include="Examples\Recursion\ReverseEnumerator.h">
      <Filter>Examples\Recursion</Filter>
    </ClInclude>
    <ClInclude Include="Examples\Recursion\TowerOfHanoi.h">
      <Filter>Examples\Recursion</Filter>
    </ClInclude>
    <ClInclude Include="Examples\pImpl\Account.h">
      <Filter>Examples\pImpl</Filter>
    </ClInclude>
    <ClInclude Include="Examples\pImpl\AccountImpl.h">
      <Filter>Examples\pImpl</Filter>
    </ClInclude>
  </ItemGroup>
  <ItemGroup>
    <ClCompile Include="Main.cpp" />
    <ClCompile Include="Examples\pImpl\Account.cpp">
      <Filter>Examples\pImpl</Filter>
    </ClCompile>
    <ClCompile Include="Examples\pImpl\AccountImpl.cpp">
      <Filter>Examples\pImpl</Filter>
    </ClCompile>
  </ItemGroup>
  <ItemGroup>
    <Filter Include="Examples">
      <UniqueIdentifier>{ba4a9090-4f9b-4163-97b4-6e58362e8443}</UniqueIdentifier>
    </Filter>
    <Filter Include="Examples\pImpl">
      <UniqueIdentifier>{7267709e-d7e3-4fdd-b009-b7e909e87834}</UniqueIdentifier>
    </Filter>
    <Filter Include="Examples\Recursion">
      <UniqueIdentifier>{b0b58da0-c2bc-4dfc-9b41-b04097c4c009}</UniqueIdentifier>
    </Filter>
  </ItemGroup>
  <ItemGroup>
    <Text Include="Examples\pImpl\pImpl.txt">
      <Filter>Examples\pImpl</Filter>
    </Text>
  </ItemGroup>
</Project>